
Microsoft Visual Studio Solution File, Format Version 12.00
# Visual Studio 15
VisualStudioVersion = 15.0.28307.271
MinimumVisualStudioVersion = 10.0.40219.1
Project("{9A19103F-16F7-4668-BE54-9A1E7A4F7556}") = "Lesson5_Methods", "Lesson5_Methods\Lesson5_Methods.csproj", "{03E6D136-1F02-4DF2-9DCB-66E3683332D2}"
EndProject
Project("{9A19103F-16F7-4668-BE54-9A1E7A4F7556}") = "Lesson5_WhileIteration", "WhileIteration\Lesson5_WhileIteration.csproj", "{8B1C8B35-6794-4528-B534-04A7C472776D}"
EndProject
Project("{9A19103F-16F7-4668-BE54-9A1E7A4F7556}") = "Lesson7_WorkingWithStrings", "Lesson7_WorkingWithStrings\Lesson7_WorkingWithStrings.csproj", "{037222A6-3884-463D-B64A-2FF0DF338837}"
EndProject
Project("{9A19103F-16F7-4668-BE54-9A1E7A4F7556}") = "Lesson7_DatesAndTimes", "Lesson7_DatesAndTimes\Lesson7_DatesAndTimes.csproj", "{1C8998EB-E44B-458B-9759-3CDD6CF8DD56}"
EndProject
Project("{9A19103F-16F7-4668-BE54-9A1E7A4F7556}") = "Lesson8_ObjectLifetime", "Lesson8_ObjectLifetime\Lesson8_ObjectLifetime.csproj", "{AACC983D-B1E3-4459-AB15-F1F0CE9BED52}"
EndProject
Project("{9A19103F-16F7-4668-BE54-9A1E7A4F7556}") = "Lesson8_ClassesObjects", "Lesson8_ClassesObjects\Lesson8_ClassesObjects.csproj", "{D898E355-82B2-4E69-8E1E-EB240B067425}"
EndProject
Project("{9A19103F-16F7-4668-BE54-9A1E7A4F7556}") = "Lesson8_UnderstandingScope", "Lesson8_UnderstandingScope\Lesson8_UnderstandingScope.csproj", "{4BD4A0B7-A1D9-4128-9777-273A30F4A333}"
EndProject
Project("{FAE04EC0-301F-11D3-BF4B-00C04F79EFBC}") = "Lesson9_Namespaces", "Lesson9_Namespaces\Lesson9_Namespaces.csproj", "{FBD4B58F-3548-4741-990C-9E4A29579CB7}"
EndProject
Project("{FAE04EC0-301F-11D3-BF4B-00C04F79EFBC}") = "Lesson9_ReferencesToAssemblies", "Lesson9_ReferencesToAssemblies\Lesson9_ReferencesToAssemblies.csproj", "{0BA11008-2DD1-43B4-92EA-1757021E3E63}"
EndProject
Global
	GlobalSection(SolutionConfigurationPlatforms) = preSolution
		Debug|Any CPU = Debug|Any CPU
		Release|Any CPU = Release|Any CPU
	EndGlobalSection
	GlobalSection(ProjectConfigurationPlatforms) = postSolution
		{03E6D136-1F02-4DF2-9DCB-66E3683332D2}.Debug|Any CPU.ActiveCfg = Debug|Any CPU
		{03E6D136-1F02-4DF2-9DCB-66E3683332D2}.Debug|Any CPU.Build.0 = Debug|Any CPU
		{03E6D136-1F02-4DF2-9DCB-66E3683332D2}.Release|Any CPU.ActiveCfg = Release|Any CPU
		{03E6D136-1F02-4DF2-9DCB-66E3683332D2}.Release|Any CPU.Build.0 = Release|Any CPU
		{8B1C8B35-6794-4528-B534-04A7C472776D}.Debug|Any CPU.ActiveCfg = Debug|Any CPU
		{8B1C8B35-6794-4528-B534-04A7C472776D}.Debug|Any CPU.Build.0 = Debug|Any CPU
		{8B1C8B35-6794-4528-B534-04A7C472776D}.Release|Any CPU.ActiveCfg = Release|Any CPU
		{8B1C8B35-6794-4528-B534-04A7C472776D}.Release|Any CPU.Build.0 = Release|Any CPU
		{037222A6-3884-463D-B64A-2FF0DF338837}.Debug|Any CPU.ActiveCfg = Debug|Any CPU
		{037222A6-3884-463D-B64A-2FF0DF338837}.Debug|Any CPU.Build.0 = Debug|Any CPU
		{037222A6-3884-463D-B64A-2FF0DF338837}.Release|Any CPU.ActiveCfg = Release|Any CPU
		{037222A6-3884-463D-B64A-2FF0DF338837}.Release|Any CPU.Build.0 = Release|Any CPU
		{1C8998EB-E44B-458B-9759-3CDD6CF8DD56}.Debug|Any CPU.ActiveCfg = Debug|Any CPU
		{1C8998EB-E44B-458B-9759-3CDD6CF8DD56}.Debug|Any CPU.Build.0 = Debug|Any CPU
		{1C8998EB-E44B-458B-9759-3CDD6CF8DD56}.Release|Any CPU.ActiveCfg = Release|Any CPU
		{1C8998EB-E44B-458B-9759-3CDD6CF8DD56}.Release|Any CPU.Build.0 = Release|Any CPU
		{AACC983D-B1E3-4459-AB15-F1F0CE9BED52}.Debug|Any CPU.ActiveCfg = Debug|Any CPU
		{AACC983D-B1E3-4459-AB15-F1F0CE9BED52}.Debug|Any CPU.Build.0 = Debug|Any CPU
		{AACC983D-B1E3-4459-AB15-F1F0CE9BED52}.Release|Any CPU.ActiveCfg = Release|Any CPU
		{AACC983D-B1E3-4459-AB15-F1F0CE9BED52}.Release|Any CPU.Build.0 = Release|Any CPU
		{D898E355-82B2-4E69-8E1E-EB240B067425}.Debug|Any CPU.ActiveCfg = Debug|Any CPU
		{D898E355-82B2-4E69-8E1E-EB240B067425}.Debug|Any CPU.Build.0 = Debug|Any CPU
		{D898E355-82B2-4E69-8E1E-EB240B067425}.Release|Any CPU.ActiveCfg = Release|Any CPU
		{D898E355-82B2-4E69-8E1E-EB240B067425}.Release|Any CPU.Build.0 = Release|Any CPU
		{4BD4A0B7-A1D9-4128-9777-273A30F4A333}.Debug|Any CPU.ActiveCfg = Debug|Any CPU
		{4BD4A0B7-A1D9-4128-9777-273A30F4A333}.Debug|Any CPU.Build.0 = Debug|Any CPU
		{4BD4A0B7-A1D9-4128-9777-273A30F4A333}.Release|Any CPU.ActiveCfg = Release|Any CPU
		{4BD4A0B7-A1D9-4128-9777-273A30F4A333}.Release|Any CPU.Build.0 = Release|Any CPU
		{FBD4B58F-3548-4741-990C-9E4A29579CB7}.Debug|Any CPU.ActiveCfg = Debug|Any CPU
		{FBD4B58F-3548-4741-990C-9E4A29579CB7}.Debug|Any CPU.Build.0 = Debug|Any CPU
		{FBD4B58F-3548-4741-990C-9E4A29579CB7}.Release|Any CPU.ActiveCfg = Release|Any CPU
		{FBD4B58F-3548-4741-990C-9E4A29579CB7}.Release|Any CPU.Build.0 = Release|Any CPU
		{0BA11008-2DD1-43B4-92EA-1757021E3E63}.Debug|Any CPU.ActiveCfg = Debug|Any CPU
		{0BA11008-2DD1-43B4-92EA-1757021E3E63}.Debug|Any CPU.Build.0 = Debug|Any CPU
		{0BA11008-2DD1-43B4-92EA-1757021E3E63}.Release|Any CPU.ActiveCfg = Release|Any CPU
		{0BA11008-2DD1-43B4-92EA-1757021E3E63}.Release|Any CPU.Build.0 = Release|Any CPU
	EndGlobalSection
	GlobalSection(SolutionProperties) = preSolution
		HideSolutionNode = FALSE
	EndGlobalSection
	GlobalSection(ExtensibilityGlobals) = postSolution
		SolutionGuid = {CDDC140F-50CD-4766-B844-855D5A17202B}
	EndGlobalSection
EndGlobal
